
Microsoft Visual Studio Solution File, Format Version 12.00
# Visual Studio Version 17
VisualStudioVersion = 17.7.34031.279
MinimumVisualStudioVersion = 10.0.40219.1
Project("{9A19103F-16F7-4668-BE54-9A1E7A4F7556}") = "Harmony.Application", "src\Core\Harmony.Application\Harmony.Application.csproj", "{6DDBE966-C3E4-4260-8BF2-F18A85C09AF8}"
EndProject
Project("{2150E333-8FDC-42A3-9474-1A3956D46DE8}") = "src", "src", "{F0792C2B-78CD-4594-A6EC-0FCD62D4CC9B}"
EndProject
Project("{2150E333-8FDC-42A3-9474-1A3956D46DE8}") = "docs", "docs", "{15D6F646-4699-488A-95A2-198CE47A5C2C}"
	ProjectSection(SolutionItems) = preProject
		docs\docker.md = docs\docker.md
		docs\documentation.md = docs\documentation.md
		docs\documentation.pdf = docs\documentation.pdf
		docs\migrations.md = docs\migrations.md
		docs\migrations.pdf = docs\migrations.pdf
		docs\README.md = docs\README.md
		docs\README.pdf = docs\README.pdf
	EndProjectSection
EndProject
Project("{2150E333-8FDC-42A3-9474-1A3956D46DE8}") = "Core", "Core", "{2187258F-DAAA-4704-8DE8-180E661B81C8}"
EndProject
Project("{2150E333-8FDC-42A3-9474-1A3956D46DE8}") = "Infrastructure", "Infrastructure", "{68B5421A-5494-4494-98C3-9BC5BCF02130}"
EndProject
Project("{2150E333-8FDC-42A3-9474-1A3956D46DE8}") = "Shared", "Shared", "{8960C49D-125F-48C6-BB70-38B06AB1D47F}"
EndProject
Project("{2150E333-8FDC-42A3-9474-1A3956D46DE8}") = "Web", "Web", "{4C18078A-C728-4E4A-A950-395F497181ED}"
EndProject
Project("{9A19103F-16F7-4668-BE54-9A1E7A4F7556}") = "Harmony.Domain", "src\Core\Harmony.Domain\Harmony.Domain.csproj", "{338A2016-727A-4FD0-9D93-BF20BAAAEBAC}"
EndProject
Project("{9A19103F-16F7-4668-BE54-9A1E7A4F7556}") = "Harmony.Infrastructure", "src\Infrastructure\Harmony.Infrastructure\Harmony.Infrastructure.csproj", "{A1C2FAED-C91B-4D70-A8F8-91A5EFD871AC}"
EndProject
Project("{9A19103F-16F7-4668-BE54-9A1E7A4F7556}") = "Harmony.Persistence", "src\Infrastructure\Harmony.Persistence\Harmony.Persistence.csproj", "{A2122AF9-69EC-4C16-AF38-CC0510E75236}"
EndProject
Project("{9A19103F-16F7-4668-BE54-9A1E7A4F7556}") = "Harmony.Shared", "src\Shared\Harmony.Shared\Harmony.Shared.csproj", "{FA771C79-66EF-42F0-ACD1-963C557541A0}"
EndProject
Project("{9A19103F-16F7-4668-BE54-9A1E7A4F7556}") = "Harmony.Client.Infrastructure", "src\Web\Harmony.Client.Infrastructure\Harmony.Client.Infrastructure.csproj", "{C4C5B992-48D8-48D6-9C35-FE40BC4B14C2}"
EndProject
Project("{9A19103F-16F7-4668-BE54-9A1E7A4F7556}") = "Harmony.Messaging", "src\Infrastructure\Harmony.Messaging\Harmony.Messaging.csproj", "{C2BF9160-C787-4B1F-A771-1A66FCD3E3D2}"
EndProject
Project("{9A19103F-16F7-4668-BE54-9A1E7A4F7556}") = "Harmony.Client", "src\Web\Harmony.Client\Harmony.Client.csproj", "{0958634A-F44F-4965-97C4-DCE1E31DFE17}"
EndProject
Project("{2150E333-8FDC-42A3-9474-1A3956D46DE8}") = "docker", "docker", "{23B9A799-1D67-413F-A4BF-A8E29ED03B6C}"
	ProjectSection(SolutionItems) = preProject
		docker-compose.yml = docker-compose.yml
	EndProjectSection
EndProject
Project("{9A19103F-16F7-4668-BE54-9A1E7A4F7556}") = "Harmony.Logging", "src\Infrastructure\Harmony.Logging\Harmony.Logging.csproj", "{5A5AB78B-CA5C-48A6-899A-2982770954B3}"
EndProject
Project("{2150E333-8FDC-42A3-9474-1A3956D46DE8}") = "Services", "Services", "{279A9ADB-5ED0-4218-8477-A0CF4EE1D138}"
EndProject
Project("{9A19103F-16F7-4668-BE54-9A1E7A4F7556}") = "Harmony.Api", "src\Services\Harmony.Api\Harmony.Api.csproj", "{F9E12071-54E2-44A5-A72F-812A7A476F9D}"
EndProject
Project("{9A19103F-16F7-4668-BE54-9A1E7A4F7556}") = "Harmony.Automations", "src\Services\Harmony.Automations\Harmony.Automations.csproj", "{9FA97A2E-933F-4443-8172-522A785A3DFA}"
EndProject
Project("{9A19103F-16F7-4668-BE54-9A1E7A4F7556}") = "Harmony.Notifications", "src\Services\Harmony.Notifications\Harmony.Notifications.csproj", "{D8A80EC0-EF7F-4826-80B4-4CE5D209E92E}"
EndProject
Project("{9A19103F-16F7-4668-BE54-9A1E7A4F7556}") = "Harmony.SignalR", "src\Services\Harmony.SignalR\Harmony.SignalR.csproj", "{A1071E40-B644-4D46-9C87-D4EF5018C931}"
EndProject
Project("{2150E333-8FDC-42A3-9474-1A3956D46DE8}") = "ApiGateways", "ApiGateways", "{9D870672-46AF-4962-BEDE-99CE42EE827A}"
EndProject
Project("{9A19103F-16F7-4668-BE54-9A1E7A4F7556}") = "Harmony.ApiGateway", "src\ApiGateways\Harmony.ApiGateway\Harmony.ApiGateway.csproj", "{D79656FA-B4D6-4A74-BEED-ADF227CF5D7E}"
EndProject
Project("{2150E333-8FDC-42A3-9474-1A3956D46DE8}") = "k8s", "k8s", "{7036FDCD-BD18-46DB-87D3-37BDBABF1B6E}"
	ProjectSection(SolutionItems) = preProject
		.k8s\api-deployment.yaml = .k8s\api-deployment.yaml
		.k8s\api-gateway-deployment.yaml = .k8s\api-gateway-deployment.yaml
		.k8s\api-gateway-service.yaml = .k8s\api-gateway-service.yaml
		.k8s\api-service.yaml = .k8s\api-service.yaml
		.k8s\automations-deployment.yaml = .k8s\automations-deployment.yaml
		.k8s\automations-service.yaml = .k8s\automations-service.yaml
		.k8s\client-deployment.yaml = .k8s\client-deployment.yaml
		.k8s\client-service.yaml = .k8s\client-service.yaml
		.k8s\elasticsearch-deployment.yaml = .k8s\elasticsearch-deployment.yaml
		.k8s\elasticsearch-service.yaml = .k8s\elasticsearch-service.yaml
		.k8s\kibana-deployment.yaml = .k8s\kibana-deployment.yaml
		.k8s\kibana-service.yaml = .k8s\kibana-service.yaml
		.k8s\mongodb-deployment.yaml = .k8s\mongodb-deployment.yaml
		.k8s\mongodb-service.yaml = .k8s\mongodb-service.yaml
		.k8s\notifications-deployment.yaml = .k8s\notifications-deployment.yaml
		.k8s\notifications-service.yaml = .k8s\notifications-service.yaml
		.k8s\rabbitmq-deployment.yaml = .k8s\rabbitmq-deployment.yaml
		.k8s\rabbitmq-service.yaml = .k8s\rabbitmq-service.yaml
		.k8s\signalr-deployment.yaml = .k8s\signalr-deployment.yaml
		.k8s\signalr-service.yaml = .k8s\signalr-service.yaml
		.k8s\sql-server-deployment.yaml = .k8s\sql-server-deployment.yaml
		.k8s\sql-server-service.yaml = .k8s\sql-server-service.yaml
	EndProjectSection
EndProject
Global
	GlobalSection(SolutionConfigurationPlatforms) = preSolution
		Debug|Any CPU = Debug|Any CPU
		Release|Any CPU = Release|Any CPU
	EndGlobalSection
	GlobalSection(ProjectConfigurationPlatforms) = postSolution
		{6DDBE966-C3E4-4260-8BF2-F18A85C09AF8}.Debug|Any CPU.ActiveCfg = Debug|Any CPU
		{6DDBE966-C3E4-4260-8BF2-F18A85C09AF8}.Debug|Any CPU.Build.0 = Debug|Any CPU
		{6DDBE966-C3E4-4260-8BF2-F18A85C09AF8}.Release|Any CPU.ActiveCfg = Release|Any CPU
		{6DDBE966-C3E4-4260-8BF2-F18A85C09AF8}.Release|Any CPU.Build.0 = Release|Any CPU
		{338A2016-727A-4FD0-9D93-BF20BAAAEBAC}.Debug|Any CPU.ActiveCfg = Debug|Any CPU
		{338A2016-727A-4FD0-9D93-BF20BAAAEBAC}.Debug|Any CPU.Build.0 = Debug|Any CPU
		{338A2016-727A-4FD0-9D93-BF20BAAAEBAC}.Release|Any CPU.ActiveCfg = Release|Any CPU
		{338A2016-727A-4FD0-9D93-BF20BAAAEBAC}.Release|Any CPU.Build.0 = Release|Any CPU
		{A1C2FAED-C91B-4D70-A8F8-91A5EFD871AC}.Debug|Any CPU.ActiveCfg = Debug|Any CPU
		{A1C2FAED-C91B-4D70-A8F8-91A5EFD871AC}.Debug|Any CPU.Build.0 = Debug|Any CPU
		{A1C2FAED-C91B-4D70-A8F8-91A5EFD871AC}.Release|Any CPU.ActiveCfg = Release|Any CPU
		{A1C2FAED-C91B-4D70-A8F8-91A5EFD871AC}.Release|Any CPU.Build.0 = Release|Any CPU
		{A2122AF9-69EC-4C16-AF38-CC0510E75236}.Debug|Any CPU.ActiveCfg = Debug|Any CPU
		{A2122AF9-69EC-4C16-AF38-CC0510E75236}.Debug|Any CPU.Build.0 = Debug|Any CPU
		{A2122AF9-69EC-4C16-AF38-CC0510E75236}.Release|Any CPU.ActiveCfg = Release|Any CPU
		{A2122AF9-69EC-4C16-AF38-CC0510E75236}.Release|Any CPU.Build.0 = Release|Any CPU
		{FA771C79-66EF-42F0-ACD1-963C557541A0}.Debug|Any CPU.ActiveCfg = Debug|Any CPU
		{FA771C79-66EF-42F0-ACD1-963C557541A0}.Debug|Any CPU.Build.0 = Debug|Any CPU
		{FA771C79-66EF-42F0-ACD1-963C557541A0}.Release|Any CPU.ActiveCfg = Release|Any CPU
		{FA771C79-66EF-42F0-ACD1-963C557541A0}.Release|Any CPU.Build.0 = Release|Any CPU
		{C4C5B992-48D8-48D6-9C35-FE40BC4B14C2}.Debug|Any CPU.ActiveCfg = Debug|Any CPU
		{C4C5B992-48D8-48D6-9C35-FE40BC4B14C2}.Debug|Any CPU.Build.0 = Debug|Any CPU
		{C4C5B992-48D8-48D6-9C35-FE40BC4B14C2}.Release|Any CPU.ActiveCfg = Release|Any CPU
		{C4C5B992-48D8-48D6-9C35-FE40BC4B14C2}.Release|Any CPU.Build.0 = Release|Any CPU
		{C2BF9160-C787-4B1F-A771-1A66FCD3E3D2}.Debug|Any CPU.ActiveCfg = Debug|Any CPU
		{C2BF9160-C787-4B1F-A771-1A66FCD3E3D2}.Debug|Any CPU.Build.0 = Debug|Any CPU
		{C2BF9160-C787-4B1F-A771-1A66FCD3E3D2}.Release|Any CPU.ActiveCfg = Release|Any CPU
		{C2BF9160-C787-4B1F-A771-1A66FCD3E3D2}.Release|Any CPU.Build.0 = Release|Any CPU
		{0958634A-F44F-4965-97C4-DCE1E31DFE17}.Debug|Any CPU.ActiveCfg = Debug|Any CPU
		{0958634A-F44F-4965-97C4-DCE1E31DFE17}.Debug|Any CPU.Build.0 = Debug|Any CPU
		{0958634A-F44F-4965-97C4-DCE1E31DFE17}.Release|Any CPU.ActiveCfg = Release|Any CPU
		{0958634A-F44F-4965-97C4-DCE1E31DFE17}.Release|Any CPU.Build.0 = Release|Any CPU
		{5A5AB78B-CA5C-48A6-899A-2982770954B3}.Debug|Any CPU.ActiveCfg = Debug|Any CPU
		{5A5AB78B-CA5C-48A6-899A-2982770954B3}.Debug|Any CPU.Build.0 = Debug|Any CPU
		{5A5AB78B-CA5C-48A6-899A-2982770954B3}.Release|Any CPU.ActiveCfg = Release|Any CPU
		{5A5AB78B-CA5C-48A6-899A-2982770954B3}.Release|Any CPU.Build.0 = Release|Any CPU
		{F9E12071-54E2-44A5-A72F-812A7A476F9D}.Debug|Any CPU.ActiveCfg = Debug|Any CPU
		{F9E12071-54E2-44A5-A72F-812A7A476F9D}.Debug|Any CPU.Build.0 = Debug|Any CPU
		{F9E12071-54E2-44A5-A72F-812A7A476F9D}.Release|Any CPU.ActiveCfg = Release|Any CPU
		{F9E12071-54E2-44A5-A72F-812A7A476F9D}.Release|Any CPU.Build.0 = Release|Any CPU
		{9FA97A2E-933F-4443-8172-522A785A3DFA}.Debug|Any CPU.ActiveCfg = Debug|Any CPU
		{9FA97A2E-933F-4443-8172-522A785A3DFA}.Debug|Any CPU.Build.0 = Debug|Any CPU
		{9FA97A2E-933F-4443-8172-522A785A3DFA}.Release|Any CPU.ActiveCfg = Release|Any CPU
		{9FA97A2E-933F-4443-8172-522A785A3DFA}.Release|Any CPU.Build.0 = Release|Any CPU
		{D8A80EC0-EF7F-4826-80B4-4CE5D209E92E}.Debug|Any CPU.ActiveCfg = Debug|Any CPU
		{D8A80EC0-EF7F-4826-80B4-4CE5D209E92E}.Debug|Any CPU.Build.0 = Debug|Any CPU
		{D8A80EC0-EF7F-4826-80B4-4CE5D209E92E}.Release|Any CPU.ActiveCfg = Release|Any CPU
		{D8A80EC0-EF7F-4826-80B4-4CE5D209E92E}.Release|Any CPU.Build.0 = Release|Any CPU
		{A1071E40-B644-4D46-9C87-D4EF5018C931}.Debug|Any CPU.ActiveCfg = Debug|Any CPU
		{A1071E40-B644-4D46-9C87-D4EF5018C931}.Debug|Any CPU.Build.0 = Debug|Any CPU
		{A1071E40-B644-4D46-9C87-D4EF5018C931}.Release|Any CPU.ActiveCfg = Release|Any CPU
		{A1071E40-B644-4D46-9C87-D4EF5018C931}.Release|Any CPU.Build.0 = Release|Any CPU
		{D79656FA-B4D6-4A74-BEED-ADF227CF5D7E}.Debug|Any CPU.ActiveCfg = Debug|Any CPU
		{D79656FA-B4D6-4A74-BEED-ADF227CF5D7E}.Debug|Any CPU.Build.0 = Debug|Any CPU
		{D79656FA-B4D6-4A74-BEED-ADF227CF5D7E}.Release|Any CPU.ActiveCfg = Release|Any CPU
		{D79656FA-B4D6-4A74-BEED-ADF227CF5D7E}.Release|Any CPU.Build.0 = Release|Any CPU
	EndGlobalSection
	GlobalSection(SolutionProperties) = preSolution
		HideSolutionNode = FALSE
	EndGlobalSection
	GlobalSection(NestedProjects) = preSolution
		{6DDBE966-C3E4-4260-8BF2-F18A85C09AF8} = {2187258F-DAAA-4704-8DE8-180E661B81C8}
		{2187258F-DAAA-4704-8DE8-180E661B81C8} = {F0792C2B-78CD-4594-A6EC-0FCD62D4CC9B}
		{68B5421A-5494-4494-98C3-9BC5BCF02130} = {F0792C2B-78CD-4594-A6EC-0FCD62D4CC9B}
		{8960C49D-125F-48C6-BB70-38B06AB1D47F} = {F0792C2B-78CD-4594-A6EC-0FCD62D4CC9B}
		{4C18078A-C728-4E4A-A950-395F497181ED} = {F0792C2B-78CD-4594-A6EC-0FCD62D4CC9B}
		{338A2016-727A-4FD0-9D93-BF20BAAAEBAC} = {2187258F-DAAA-4704-8DE8-180E661B81C8}
		{A1C2FAED-C91B-4D70-A8F8-91A5EFD871AC} = {68B5421A-5494-4494-98C3-9BC5BCF02130}
		{A2122AF9-69EC-4C16-AF38-CC0510E75236} = {68B5421A-5494-4494-98C3-9BC5BCF02130}
		{FA771C79-66EF-42F0-ACD1-963C557541A0} = {8960C49D-125F-48C6-BB70-38B06AB1D47F}
		{C4C5B992-48D8-48D6-9C35-FE40BC4B14C2} = {4C18078A-C728-4E4A-A950-395F497181ED}
		{C2BF9160-C787-4B1F-A771-1A66FCD3E3D2} = {68B5421A-5494-4494-98C3-9BC5BCF02130}
		{0958634A-F44F-4965-97C4-DCE1E31DFE17} = {4C18078A-C728-4E4A-A950-395F497181ED}
		{5A5AB78B-CA5C-48A6-899A-2982770954B3} = {68B5421A-5494-4494-98C3-9BC5BCF02130}
		{279A9ADB-5ED0-4218-8477-A0CF4EE1D138} = {F0792C2B-78CD-4594-A6EC-0FCD62D4CC9B}
		{F9E12071-54E2-44A5-A72F-812A7A476F9D} = {279A9ADB-5ED0-4218-8477-A0CF4EE1D138}
		{9FA97A2E-933F-4443-8172-522A785A3DFA} = {279A9ADB-5ED0-4218-8477-A0CF4EE1D138}
		{D8A80EC0-EF7F-4826-80B4-4CE5D209E92E} = {279A9ADB-5ED0-4218-8477-A0CF4EE1D138}
		{A1071E40-B644-4D46-9C87-D4EF5018C931} = {279A9ADB-5ED0-4218-8477-A0CF4EE1D138}
		{9D870672-46AF-4962-BEDE-99CE42EE827A} = {F0792C2B-78CD-4594-A6EC-0FCD62D4CC9B}
		{D79656FA-B4D6-4A74-BEED-ADF227CF5D7E} = {9D870672-46AF-4962-BEDE-99CE42EE827A}
		{7036FDCD-BD18-46DB-87D3-37BDBABF1B6E} = {23B9A799-1D67-413F-A4BF-A8E29ED03B6C}
	EndGlobalSection
	GlobalSection(ExtensibilityGlobals) = postSolution
		SolutionGuid = {33331015-6B3C-4A49-95BB-1D4FC3983BFD}
	EndGlobalSection
EndGlobal
